// !$*UTF8*$!
{
	archiveVersion = 1;
	classes = {
	};
	objectVersion = 50;
	objects = {

/* Begin PBXBuildFile section */
		90FC5A81215062B200D74C56 /* AppDelegate.swift in Sources */ = {isa = PBXBuildFile; fileRef = 90FC5A80215062B200D74C56 /* AppDelegate.swift */; };
		90FC5A83215062B200D74C56 /* MasterViewController.swift in Sources */ = {isa = PBXBuildFile; fileRef = 90FC5A82215062B200D74C56 /* MasterViewController.swift */; };
		90FC5A85215062B200D74C56 /* DetailViewController.swift in Sources */ = {isa = PBXBuildFile; fileRef = 90FC5A84215062B200D74C56 /* DetailViewController.swift */; };
		90FC5A88215062B200D74C56 /* Main.storyboard in Resources */ = {isa = PBXBuildFile; fileRef = 90FC5A86215062B200D74C56 /* Main.storyboard */; };
		90FC5A8A215062B300D74C56 /* Assets.xcassets in Resources */ = {isa = PBXBuildFile; fileRef = 90FC5A89215062B300D74C56 /* Assets.xcassets */; };
		90FC5A8D215062B300D74C56 /* LaunchScreen.storyboard in Resources */ = {isa = PBXBuildFile; fileRef = 90FC5A8B215062B300D74C56 /* LaunchScreen.storyboard */; };
		90FC5A9A215065F400D74C56 /* guitar in Resources */ = {isa = PBXBuildFile; fileRef = 90FC5A95215065F300D74C56 /* guitar */; };
		90FC5A9B215065F400D74C56 /* bird in Resources */ = {isa = PBXBuildFile; fileRef = 90FC5A96215065F300D74C56 /* bird */; };
		90FC5A9C215065F400D74C56 /* running in Resources */ = {isa = PBXBuildFile; fileRef = 90FC5A97215065F300D74C56 /* running */; };
		90FC5A9D215065F400D74C56 /* url in Resources */ = {isa = PBXBuildFile; fileRef = 90FC5A98215065F300D74C56 /* url */; };
		90FC5A9E215065F400D74C56 /* car in Resources */ = {isa = PBXBuildFile; fileRef = 90FC5A99215065F300D74C56 /* car */; };
/* End PBXBuildFile section */

/* Begin PBXFileReference section */
		90FC5A7D215062B200D74C56 /* MyFavThings.app */ = {isa = PBXFileReference; explicitFileType = wrapper.application; includeInIndex = 0; path = MyFavThings.app; sourceTree = BUILT_PRODUCTS_DIR; };
		90FC5A80215062B200D74C56 /* AppDelegate.swift */ = {isa = PBXFileReference; lastKnownFileType = sourcecode.swift; path = AppDelegate.swift; sourceTree = "<group>"; };
		90FC5A82215062B200D74C56 /* MasterViewController.swift */ = {isa = PBXFileReference; lastKnownFileType = sourcecode.swift; path = MasterViewController.swift; sourceTree = "<group>"; };
		90FC5A84215062B200D74C56 /* DetailViewController.swift */ = {isa = PBXFileReference; lastKnownFileType = sourcecode.swift; path = DetailViewController.swift; sourceTree = "<group>"; };
		90FC5A87215062B200D74C56 /* Base */ = {isa = PBXFileReference; lastKnownFileType = file.storyboard; name = Base; path = Base.lproj/Main.storyboard; sourceTree = "<group>"; };
		90FC5A89215062B300D74C56 /* Assets.xcassets */ = {isa = PBXFileReference; lastKnownFileType = folder.assetcatalog; path = Assets.xcassets; sourceTree = "<group>"; };
		90FC5A8C215062B300D74C56 /* Base */ = {isa = PBXFileReference; lastKnownFileType = file.storyboard; name = Base; path = Base.lproj/LaunchScreen.storyboard; sourceTree = "<group>"; };
		90FC5A8E215062B300D74C56 /* Info.plist */ = {isa = PBXFileReference; lastKnownFileType = text.plist.xml; path = Info.plist; sourceTree = "<group>"; };
		90FC5A95215065F300D74C56 /* guitar */ = {isa = PBXFileReference; fileEncoding = 4; lastKnownFileType = text; name = guitar; path = ../../../Documents/guitar; sourceTree = "<group>"; };
		90FC5A96215065F300D74C56 /* bird */ = {isa = PBXFileReference; fileEncoding = 4; lastKnownFileType = text; name = bird; path = ../../../Documents/bird; sourceTree = "<group>"; };
		90FC5A97215065F300D74C56 /* running */ = {isa = PBXFileReference; fileEncoding = 4; lastKnownFileType = text; name = running; path = ../../../Documents/running; sourceTree = "<group>"; };
		90FC5A98215065F300D74C56 /* url */ = {isa = PBXFileReference; fileEncoding = 4; lastKnownFileType = text; name = url; path = ../../../Documents/url; sourceTree = "<group>"; };
		90FC5A99215065F300D74C56 /* car */ = {isa = PBXFileReference; fileEncoding = 4; lastKnownFileType = text; name = car; path = ../../../Documents/car; sourceTree = "<group>"; };
/* End PBXFileReference section */

/* Begin PBXFrameworksBuildPhase section */
		90FC5A7A215062B200D74C56 /* Frameworks */ = {
			isa = PBXFrameworksBuildPhase;
			buildActionMask = 2147483647;
			files = (
			);
			runOnlyForDeploymentPostprocessing = 0;
		};
/* End PBXFrameworksBuildPhase section */

/* Begin PBXGroup section */
		90FC5A74215062B200D74C56 = {
			isa = PBXGroup;
			children = (
				90FC5A942150652D00D74C56 /* images */,
				90FC5A7F215062B200D74C56 /* MyFavThings */,
				90FC5A7E215062B200D74C56 /* Products */,
			);
			sourceTree = "<group>";
		};
		90FC5A7E215062B200D74C56 /* Products */ = {
			isa = PBXGroup;
			children = (
				90FC5A7D215062B200D74C56 /* MyFavThings.app */,
			);
			name = Products;
			sourceTree = "<group>";
		};
		90FC5A7F215062B200D74C56 /* MyFavThings */ = {
			isa = PBXGroup;
			children = (
				90FC5A80215062B200D74C56 /* AppDelegate.swift */,
				90FC5A82215062B200D74C56 /* MasterViewController.swift */,
				90FC5A84215062B200D74C56 /* DetailViewController.swift */,
				90FC5A86215062B200D74C56 /* Main.storyboard */,
				90FC5A89215062B300D74C56 /* Assets.xcassets */,
				90FC5A8B215062B300D74C56 /* LaunchScreen.storyboard */,
				90FC5A8E215062B300D74C56 /* Info.plist */,
			);
			path = MyFavThings;
			sourceTree = "<group>";
		};
		90FC5A942150652D00D74C56 /* images */ = {
			isa = PBXGroup;
			children = (
				90FC5A96215065F300D74C56 /* bird */,
				90FC5A99215065F300D74C56 /* car */,
				90FC5A95215065F300D74C56 /* guitar */,
				90FC5A97215065F300D74C56 /* running */,
				90FC5A98215065F300D74C56 /* url */,
			);
			path = images;
			sourceTree = "<group>";
		};
/* End PBXGroup section */

/* Begin PBXNativeTarget section */
		90FC5A7C215062B200D74C56 /* MyFavThings */ = {
			isa = PBXNativeTarget;
			buildConfigurationList = 90FC5A91215062B300D74C56 /* Build configuration list for PBXNativeTarget "MyFavThings" */;
			buildPhases = (
				90FC5A79215062B200D74C56 /* Sources */,
				90FC5A7A215062B200D74C56 /* Frameworks */,
				90FC5A7B215062B200D74C56 /* Resources */,
			);
			buildRules = (
			);
			dependencies = (
			);
			name = MyFavThings;
			productName = MyFavThings;
			productReference = 90FC5A7D215062B200D74C56 /* MyFavThings.app */;
			productType = "com.apple.product-type.application";
		};
/* End PBXNativeTarget section */

/* Begin PBXProject section */
		90FC5A75215062B200D74C56 /* Project object */ = {
			isa = PBXProject;
			attributes = {
				LastSwiftUpdateCheck = 0940;
				LastUpgradeCheck = 0940;
				ORGANIZATIONNAME = "Rock Valley College";
				TargetAttributes = {
					90FC5A7C215062B200D74C56 = {
						CreatedOnToolsVersion = 9.4;
					};
				};
			};
			buildConfigurationList = 90FC5A78215062B200D74C56 /* Build configuration list for PBXProject "MyFavThings" */;
			compatibilityVersion = "Xcode 9.3";
			developmentRegion = en;
			hasScannedForEncodings = 0;
			knownRegions = (
				en,
				Base,
			);
			mainGroup = 90FC5A74215062B200D74C56;
			productRefGroup = 90FC5A7E215062B200D74C56 /* Products */;
			projectDirPath = "";
			projectRoot = "";
			targets = (
				90FC5A7C215062B200D74C56 /* MyFavThings */,
			);
		};
/* End PBXProject section */

/* Begin PBXResourcesBuildPhase section */
		90FC5A7B215062B200D74C56 /* Resources */ = {
			isa = PBXResourcesBuildPhase;
			buildActionMask = 2147483647;
			files = (
				90FC5A9C215065F400D74C56 /* running in Resources */,
				90FC5A9E215065F400D74C56 /* car in Resources */,
				90FC5A8D215062B300D74C56 /* LaunchScreen.storyboard in Resources */,
				90FC5A8A215062B300D74C56 /* Assets.xcassets in Resources */,
				90FC5A9A215065F400D74C56 /* guitar in Resources */,
				90FC5A9D215065F400D74C56 /* url in Resources */,
				90FC5A88215062B200D74C56 /* Main.storyboard in Resources */,
				90FC5A9B215065F400D74C56 /* bird in Resources */,
			);
			runOnlyForDeploymentPostprocessing = 0;
		};
/* End PBXResourcesBuildPhase section */

/* Begin PBXSourcesBuildPhase section */
		90FC5A79215062B200D74C56 /* Sources */ = {
			isa = PBXSourcesBuildPhase;
			buildActionMask = 2147483647;
			files = (
				90FC5A85215062B200D74C56 /* DetailViewController.swift in Sources */,
				90FC5A83215062B200D74C56 /* MasterViewController.swift in Sources */,
				90FC5A81215062B200D74C56 /* AppDelegate.swift in Sources */,
			);
			runOnlyForDeploymentPostprocessing = 0;
		};
/* End PBXSourcesBuildPhase section */

/* Begin PBXVariantGroup section */
		90FC5A86215062B200D74C56 /* Main.storyboard */ = {
			isa = PBXVariantGroup;
			children = (
				90FC5A87215062B200D74C56 /* Base */,
			);
			name = Main.storyboard;
			sourceTree = "<group>";
		};
		90FC5A8B215062B300D74C56 /* LaunchScreen.storyboard */ = {
			isa = PBXVariantGroup;
			children = (
				90FC5A8C215062B300D74C56 /* Base */,
			);
			name = LaunchScreen.storyboard;
			sourceTree = "<group>";
		};
/* End PBXVariantGroup section */

/* Begin XCBuildConfiguration section */
		90FC5A8F215062B300D74C56 /* Debug */ = {
			isa = XCBuildConfiguration;
			buildSettings = {
				ALWAYS_SEARCH_USER_PATHS = NO;
				CLANG_ANALYZER_NONNULL = YES;
				CLANG_ANALYZER_NUMBER_OBJECT_CONVERSION = YES_AGGRESSIVE;
				CLANG_CXX_LANGUAGE_STANDARD = "gnu++14";
				CLANG_CXX_LIBRARY = "libc++";
				CLANG_ENABLE_MODULES = YES;
				CLANG_ENABLE_OBJC_ARC = YES;
				CLANG_ENABLE_OBJC_WEAK = YES;
				CLANG_WARN_BLOCK_CAPTURE_AUTORELEASING = YES;
				CLANG_WARN_BOOL_CONVERSION = YES;
				CLANG_WARN_COMMA = YES;
				CLANG_WARN_CONSTANT_CONVERSION = YES;
				CLANG_WARN_DEPRECATED_OBJC_IMPLEMENTATIONS = YES;
				CLANG_WARN_DIRECT_OBJC_ISA_USAGE = YES_ERROR;
				CLANG_WARN_DOCUMENTATION_COMMENTS = YES;
				CLANG_WARN_EMPTY_BODY = YES;
				CLANG_WARN_ENUM_CONVERSION = YES;
				CLANG_WARN_INFINITE_RECURSION = YES;
				CLANG_WARN_INT_CONVERSION = YES;
				CLANG_WARN_NON_LITERAL_NULL_CONVERSION = YES;
				CLANG_WARN_OBJC_IMPLICIT_RETAIN_SELF = YES;
				CLANG_WARN_OBJC_LITERAL_CONVERSION = YES;
				CLANG_WARN_OBJC_ROOT_CLASS = YES_ERROR;
				CLANG_WARN_RANGE_LOOP_ANALYSIS = YES;
				CLANG_WARN_STRICT_PROTOTYPES = YES;
				CLANG_WARN_SUSPICIOUS_MOVE = YES;
				CLANG_WARN_UNGUARDED_AVAILABILITY = YES_AGGRESSIVE;
				CLANG_WARN_UNREACHABLE_CODE = YES;
				CLANG_WARN__DUPLICATE_METHOD_MATCH = YES;
				CODE_SIGN_IDENTITY = "iPhone Developer";
				COPY_PHASE_STRIP = NO;
				DEBUG_INFORMATION_FORMAT = dwarf;
				ENABLE_STRICT_OBJC_MSGSEND = YES;
				ENABLE_TESTABILITY = YES;
				GCC_C_LANGUAGE_STANDARD = gnu11;
				GCC_DYNAMIC_NO_PIC = NO;
				GCC_NO_COMMON_BLOCKS = YES;
				GCC_OPTIMIZATION_LEVEL = 0;
				GCC_PREPROCESSOR_DEFINITIONS = (
					"DEBUG=1",
					"$(inherited)",
				);
				GCC_WARN_64_TO_32_BIT_CONVERSION = YES;
				GCC_WARN_ABOUT_RETURN_TYPE = YES_ERROR;
				GCC_WARN_UNDECLARED_SELECTOR = YES;
				GCC_WARN_UNINITIALIZED_AUTOS = YES_AGGRESSIVE;
				GCC_WARN_UNUSED_FUNCTION = YES;
				GCC_WARN_UNUSED_VARIABLE = YES;
				IPHONEOS_DEPLOYMENT_TARGET = 11.4;
				MTL_ENABLE_DEBUG_INFO = YES;
				ONLY_ACTIVE_ARCH = YES;
				SDKROOT = iphoneos;
				SWIFT_ACTIVE_COMPILATION_CONDITIONS = DEBUG;
				SWIFT_OPTIMIZATION_LEVEL = "-Onone";
			};
			name = Debug;
		};
		90FC5A90215062B300D74C56 /* Release */ = {
			isa = XCBuildConfiguration;
			buildSettings = {
				ALWAYS_SEARCH_USER_PATHS = NO;
				CLANG_ANALYZER_NONNULL = YES;
				CLANG_ANALYZER_NUMBER_OBJECT_CONVERSION = YES_AGGRESSIVE;
				CLANG_CXX_LANGUAGE_STANDARD = "gnu++14";
				CLANG_CXX_LIBRARY = "libc++";
				CLANG_ENABLE_MODULES = YES;
				CLANG_ENABLE_OBJC_ARC = YES;
				CLANG_ENABLE_OBJC_WEAK = YES;
				CLANG_WARN_BLOCK_CAPTURE_AUTORELEASING = YES;
				CLANG_WARN_BOOL_CONVERSION = YES;
				CLANG_WARN_COMMA = YES;
				CLANG_WARN_CONSTANT_CONVERSION = YES;
				CLANG_WARN_DEPRECATED_OBJC_IMPLEMENTATIONS = YES;
				CLANG_WARN_DIRECT_OBJC_ISA_USAGE = YES_ERROR;
				CLANG_WARN_DOCUMENTATION_COMMENTS = YES;
				CLANG_WARN_EMPTY_BODY = YES;
				CLANG_WARN_ENUM_CONVERSION = YES;
				CLANG_WARN_INFINITE_RECURSION = YES;
				CLANG_WARN_INT_CONVERSION = YES;
				CLANG_WARN_NON_LITERAL_NULL_CONVERSION = YES;
				CLANG_WARN_OBJC_IMPLICIT_RETAIN_SELF = YES;
				CLANG_WARN_OBJC_LITERAL_CONVERSION = YES;
				CLANG_WARN_OBJC_ROOT_CLASS = YES_ERROR;
				CLANG_WARN_RANGE_LOOP_ANALYSIS = YES;
				CLANG_WARN_STRICT_PROTOTYPES = YES;
				CLANG_WARN_SUSPICIOUS_MOVE = YES;
				CLANG_WARN_UNGUARDED_AVAILABILITY = YES_AGGRESSIVE;
				CLANG_WARN_UNREACHABLE_CODE = YES;
				CLANG_WARN__DUPLICATE_METHOD_MATCH = YES;
				CODE_SIGN_IDENTITY = "iPhone Developer";
				COPY_PHASE_STRIP = NO;
				DEBUG_INFORMATION_FORMAT = "dwarf-with-dsym";
				ENABLE_NS_ASSERTIONS = NO;
				ENABLE_STRICT_OBJC_MSGSEND = YES;
				GCC_C_LANGUAGE_STANDARD = gnu11;
				GCC_NO_COMMON_BLOCKS = YES;
				GCC_WARN_64_TO_32_BIT_CONVERSION = YES;
				GCC_WARN_ABOUT_RETURN_TYPE = YES_ERROR;
				GCC_WARN_UNDECLARED_SELECTOR = YES;
				GCC_WARN_UNINITIALIZED_AUTOS = YES_AGGRESSIVE;
				GCC_WARN_UNUSED_FUNCTION = YES;
				GCC_WARN_UNUSED_VARIABLE = YES;
				IPHONEOS_DEPLOYMENT_TARGET = 11.4;
				MTL_ENABLE_DEBUG_INFO = NO;
				SDKROOT = iphoneos;
				SWIFT_COMPILATION_MODE = wholemodule;
				SWIFT_OPTIMIZATION_LEVEL = "-O";
				VALIDATE_PRODUCT = YES;
			};
			name = Release;
		};
		90FC5A92215062B300D74C56 /* Debug */ = {
			isa = XCBuildConfiguration;
			buildSettings = {
				ASSETCATALOG_COMPILER_APPICON_NAME = AppIcon;
				CODE_SIGN_STYLE = Automatic;
				INFOPLIST_FILE = MyFavThings/Info.plist;
				LD_RUNPATH_SEARCH_PATHS = (
					"$(inherited)",
					"@executable_path/Frameworks",
				);
				PRODUCT_BUNDLE_IDENTIFIER = edu.RockValleyCollege.MyFavThings;
				PRODUCT_NAME = "$(TARGET_NAME)";
				SWIFT_VERSION = 4.0;
				TARGETED_DEVICE_FAMILY = "1,2";
			};
			name = Debug;
		};
		90FC5A93215062B300D74C56 /* Release */ = {
			isa = XCBuildConfiguration;
			buildSettings = {
				ASSETCATALOG_COMPILER_APPICON_NAME = AppIcon;
				CODE_SIGN_STYLE = Automatic;
				INFOPLIST_FILE = MyFavThings/Info.plist;
				LD_RUNPATH_SEARCH_PATHS = (
					"$(inherited)",
					"@executable_path/Frameworks",
				);
				PRODUCT_BUNDLE_IDENTIFIER = edu.RockValleyCollege.MyFavThings;
				PRODUCT_NAME = "$(TARGET_NAME)";
				SWIFT_VERSION = 4.0;
				TARGETED_DEVICE_FAMILY = "1,2";
			};
			name = Release;
		};
/* End XCBuildConfiguration section */

/* Begin XCConfigurationList section */
		90FC5A78215062B200D74C56 /* Build configuration list for PBXProject "MyFavThings" */ = {
			isa = XCConfigurationList;
			buildConfigurations = (
				90FC5A8F215062B300D74C56 /* Debug */,
				90FC5A90215062B300D74C56 /* Release */,
			);
			defaultConfigurationIsVisible = 0;
			defaultConfigurationName = Release;
		};
		90FC5A91215062B300D74C56 /* Build configuration list for PBXNativeTarget "MyFavThings" */ = {
			isa = XCConfigurationList;
			buildConfigurations = (
				90FC5A92215062B300D74C56 /* Debug */,
				90FC5A93215062B300D74C56 /* Release */,
			);
			defaultConfigurationIsVisible = 0;
			defaultConfigurationName = Release;
		};
/* End XCConfigurationList section */
	};
	rootObject = 90FC5A75215062B200D74C56 /* Project object */;
}
